
Microsoft Visual Studio Solution File, Format Version 12.00
# Visual Studio 15
VisualStudioVersion = 15.0.28307.1209
MinimumVisualStudioVersion = 10.0.40219.1
Project("{2150E333-8FDC-42A3-9474-1A3956D46DE8}") = "wfp_sys", "wfp_sys", "{C9FC3EDD-5713-45E8-BA26-E5B32D64F3A6}"
EndProject
Project("{2150E333-8FDC-42A3-9474-1A3956D46DE8}") = "wfp_exe", "wfp_exe", "{7D4B2EAE-F993-4297-BB13-C968696E8383}"
EndProject
Project("{2150E333-8FDC-42A3-9474-1A3956D46DE8}") = "alpc", "alpc", "{1502622A-86E7-4B9D-A0AF-67DF7A8D26F6}"
EndProject
Project("{8BC9CEB8-8B4A-11D0-8D11-00A0C91BC942}") = "alpc", "alpc\alpc.vcxproj", "{5233E37E-4D5C-4EC7-B0E1-4F9E1807BCC3}"
EndProject
Project("{2150E333-8FDC-42A3-9474-1A3956D46DE8}") = "alpcserver", "alpcserver", "{B9D9CEE7-088B-44B4-991B-A81C9E0DE24E}"
EndProject
Project("{8BC9CEB8-8B4A-11D0-8D11-00A0C91BC942}") = "alpcserver", "alpcserver\CveServer.vcxproj", "{F99166BB-FEF1-48A4-A273-BE2E391598E9}"
	ProjectSection(ProjectDependencies) = postProject
		{5233E37E-4D5C-4EC7-B0E1-4F9E1807BCC3} = {5233E37E-4D5C-4EC7-B0E1-4F9E1807BCC3}
	EndProjectSection
EndProject
Project("{2150E333-8FDC-42A3-9474-1A3956D46DE8}") = "ui_dll", "ui_dll", "{97810896-005A-425F-AE56-976CA52CE512}"
EndProject
Project("{8BC9CEB8-8B4A-11D0-8D11-00A0C91BC942}") = "windows_dll", "windows_dll\windows_dll.vcxproj", "{5CB7DA54-A16D-4C8D-A148-93D09BC52439}"
EndProject
Project("{8BC9CEB8-8B4A-11D0-8D11-00A0C91BC942}") = "MimiSkyNetWfpUser", "MimiSkyNetWfpUser\MimiSkyNetWfpUser.vcxproj", "{501AF104-E46C-42C4-8435-83C7B833372A}"
EndProject
Project("{8BC9CEB8-8B4A-11D0-8D11-00A0C91BC942}") = "MimiSkyNetWfpKm", "MimiSkyNetWfpKm\MimiSkyNetWfpKm.vcxproj", "{3C5DBE6F-6699-4E79-8C36-37046FA05DD2}"
EndProject
Global
	GlobalSection(SolutionConfigurationPlatforms) = preSolution
		Debug|ARM = Debug|ARM
		Debug|ARM64 = Debug|ARM64
		Debug|x64 = Debug|x64
		Debug|x86 = Debug|x86
		objchk_win7_amd64|ARM = objchk_win7_amd64|ARM
		objchk_win7_amd64|ARM64 = objchk_win7_amd64|ARM64
		objchk_win7_amd64|x64 = objchk_win7_amd64|x64
		objchk_win7_amd64|x86 = objchk_win7_amd64|x86
		objchk_win7_x86|ARM = objchk_win7_x86|ARM
		objchk_win7_x86|ARM64 = objchk_win7_x86|ARM64
		objchk_win7_x86|x64 = objchk_win7_x86|x64
		objchk_win7_x86|x86 = objchk_win7_x86|x86
		objfre_win7_amd64|ARM = objfre_win7_amd64|ARM
		objfre_win7_amd64|ARM64 = objfre_win7_amd64|ARM64
		objfre_win7_amd64|x64 = objfre_win7_amd64|x64
		objfre_win7_amd64|x86 = objfre_win7_amd64|x86
		objfre_win7_x86|ARM = objfre_win7_x86|ARM
		objfre_win7_x86|ARM64 = objfre_win7_x86|ARM64
		objfre_win7_x86|x64 = objfre_win7_x86|x64
		objfre_win7_x86|x86 = objfre_win7_x86|x86
		Release|ARM = Release|ARM
		Release|ARM64 = Release|ARM64
		Release|x64 = Release|x64
		Release|x86 = Release|x86
	EndGlobalSection
	GlobalSection(ProjectConfigurationPlatforms) = postSolution
		{5233E37E-4D5C-4EC7-B0E1-4F9E1807BCC3}.Debug|ARM.ActiveCfg = Debug|Win32
		{5233E37E-4D5C-4EC7-B0E1-4F9E1807BCC3}.Debug|ARM64.ActiveCfg = Debug|Win32
		{5233E37E-4D5C-4EC7-B0E1-4F9E1807BCC3}.Debug|x64.ActiveCfg = Debug|x64
		{5233E37E-4D5C-4EC7-B0E1-4F9E1807BCC3}.Debug|x64.Build.0 = Debug|x64
		{5233E37E-4D5C-4EC7-B0E1-4F9E1807BCC3}.Debug|x86.ActiveCfg = Debug|Win32
		{5233E37E-4D5C-4EC7-B0E1-4F9E1807BCC3}.Debug|x86.Build.0 = Debug|Win32
		{5233E37E-4D5C-4EC7-B0E1-4F9E1807BCC3}.objchk_win7_amd64|ARM.ActiveCfg = Release|x64
		{5233E37E-4D5C-4EC7-B0E1-4F9E1807BCC3}.objchk_win7_amd64|ARM.Build.0 = Release|x64
		{5233E37E-4D5C-4EC7-B0E1-4F9E1807BCC3}.objchk_win7_amd64|ARM64.ActiveCfg = Release|x64
		{5233E37E-4D5C-4EC7-B0E1-4F9E1807BCC3}.objchk_win7_amd64|ARM64.Build.0 = Release|x64
		{5233E37E-4D5C-4EC7-B0E1-4F9E1807BCC3}.objchk_win7_amd64|x64.ActiveCfg = Release|x64
		{5233E37E-4D5C-4EC7-B0E1-4F9E1807BCC3}.objchk_win7_amd64|x64.Build.0 = Release|x64
		{5233E37E-4D5C-4EC7-B0E1-4F9E1807BCC3}.objchk_win7_amd64|x86.ActiveCfg = Release|Win32
		{5233E37E-4D5C-4EC7-B0E1-4F9E1807BCC3}.objchk_win7_amd64|x86.Build.0 = Release|Win32
		{5233E37E-4D5C-4EC7-B0E1-4F9E1807BCC3}.objchk_win7_x86|ARM.ActiveCfg = Release|x64
		{5233E37E-4D5C-4EC7-B0E1-4F9E1807BCC3}.objchk_win7_x86|ARM.Build.0 = Release|x64
		{5233E37E-4D5C-4EC7-B0E1-4F9E1807BCC3}.objchk_win7_x86|ARM64.ActiveCfg = Release|x64
		{5233E37E-4D5C-4EC7-B0E1-4F9E1807BCC3}.objchk_win7_x86|ARM64.Build.0 = Release|x64
		{5233E37E-4D5C-4EC7-B0E1-4F9E1807BCC3}.objchk_win7_x86|x64.ActiveCfg = Release|x64
		{5233E37E-4D5C-4EC7-B0E1-4F9E1807BCC3}.objchk_win7_x86|x64.Build.0 = Release|x64
		{5233E37E-4D5C-4EC7-B0E1-4F9E1807BCC3}.objchk_win7_x86|x86.ActiveCfg = Release|Win32
		{5233E37E-4D5C-4EC7-B0E1-4F9E1807BCC3}.objchk_win7_x86|x86.Build.0 = Release|Win32
		{5233E37E-4D5C-4EC7-B0E1-4F9E1807BCC3}.objfre_win7_amd64|ARM.ActiveCfg = Release|x64
		{5233E37E-4D5C-4EC7-B0E1-4F9E1807BCC3}.objfre_win7_amd64|ARM.Build.0 = Release|x64
		{5233E37E-4D5C-4EC7-B0E1-4F9E1807BCC3}.objfre_win7_amd64|ARM64.ActiveCfg = Release|x64
		{5233E37E-4D5C-4EC7-B0E1-4F9E1807BCC3}.objfre_win7_amd64|ARM64.Build.0 = Release|x64
		{5233E37E-4D5C-4EC7-B0E1-4F9E1807BCC3}.objfre_win7_amd64|x64.ActiveCfg = Release|x64
		{5233E37E-4D5C-4EC7-B0E1-4F9E1807BCC3}.objfre_win7_amd64|x64.Build.0 = Release|x64
		{5233E37E-4D5C-4EC7-B0E1-4F9E1807BCC3}.objfre_win7_amd64|x86.ActiveCfg = Release|Win32
		{5233E37E-4D5C-4EC7-B0E1-4F9E1807BCC3}.objfre_win7_amd64|x86.Build.0 = Release|Win32
		{5233E37E-4D5C-4EC7-B0E1-4F9E1807BCC3}.objfre_win7_x86|ARM.ActiveCfg = Release|x64
		{5233E37E-4D5C-4EC7-B0E1-4F9E1807BCC3}.objfre_win7_x86|ARM.Build.0 = Release|x64
		{5233E37E-4D5C-4EC7-B0E1-4F9E1807BCC3}.objfre_win7_x86|ARM64.ActiveCfg = Release|x64
		{5233E37E-4D5C-4EC7-B0E1-4F9E1807BCC3}.objfre_win7_x86|ARM64.Build.0 = Release|x64
		{5233E37E-4D5C-4EC7-B0E1-4F9E1807BCC3}.objfre_win7_x86|x64.ActiveCfg = Release|x64
		{5233E37E-4D5C-4EC7-B0E1-4F9E1807BCC3}.objfre_win7_x86|x64.Build.0 = Release|x64
		{5233E37E-4D5C-4EC7-B0E1-4F9E1807BCC3}.objfre_win7_x86|x86.ActiveCfg = Release|Win32
		{5233E37E-4D5C-4EC7-B0E1-4F9E1807BCC3}.objfre_win7_x86|x86.Build.0 = Release|Win32
		{5233E37E-4D5C-4EC7-B0E1-4F9E1807BCC3}.Release|ARM.ActiveCfg = Release|Win32
		{5233E37E-4D5C-4EC7-B0E1-4F9E1807BCC3}.Release|ARM64.ActiveCfg = Release|Win32
		{5233E37E-4D5C-4EC7-B0E1-4F9E1807BCC3}.Release|x64.ActiveCfg = Release|x64
		{5233E37E-4D5C-4EC7-B0E1-4F9E1807BCC3}.Release|x64.Build.0 = Release|x64
		{5233E37E-4D5C-4EC7-B0E1-4F9E1807BCC3}.Release|x86.ActiveCfg = Release|Win32
		{5233E37E-4D5C-4EC7-B0E1-4F9E1807BCC3}.Release|x86.Build.0 = Release|Win32
		{F99166BB-FEF1-48A4-A273-BE2E391598E9}.Debug|ARM.ActiveCfg = Debug|Win32
		{F99166BB-FEF1-48A4-A273-BE2E391598E9}.Debug|ARM64.ActiveCfg = Debug|Win32
		{F99166BB-FEF1-48A4-A273-BE2E391598E9}.Debug|x64.ActiveCfg = Release|x64
		{F99166BB-FEF1-48A4-A273-BE2E391598E9}.Debug|x64.Build.0 = Release|x64
		{F99166BB-FEF1-48A4-A273-BE2E391598E9}.Debug|x86.ActiveCfg = Debug|Win32
		{F99166BB-FEF1-48A4-A273-BE2E391598E9}.Debug|x86.Build.0 = Debug|Win32
		{F99166BB-FEF1-48A4-A273-BE2E391598E9}.objchk_win7_amd64|ARM.ActiveCfg = Release|x64
		{F99166BB-FEF1-48A4-A273-BE2E391598E9}.objchk_win7_amd64|ARM.Build.0 = Release|x64
		{F99166BB-FEF1-48A4-A273-BE2E391598E9}.objchk_win7_amd64|ARM64.ActiveCfg = Release|x64
		{F99166BB-FEF1-48A4-A273-BE2E391598E9}.objchk_win7_amd64|ARM64.Build.0 = Release|x64
		{F99166BB-FEF1-48A4-A273-BE2E391598E9}.objchk_win7_amd64|x64.ActiveCfg = Release|x64
		{F99166BB-FEF1-48A4-A273-BE2E391598E9}.objchk_win7_amd64|x64.Build.0 = Release|x64
		{F99166BB-FEF1-48A4-A273-BE2E391598E9}.objchk_win7_amd64|x86.ActiveCfg = Release|Win32
		{F99166BB-FEF1-48A4-A273-BE2E391598E9}.objchk_win7_amd64|x86.Build.0 = Release|Win32
		{F99166BB-FEF1-48A4-A273-BE2E391598E9}.objchk_win7_x86|ARM.ActiveCfg = Release|x64
		{F99166BB-FEF1-48A4-A273-BE2E391598E9}.objchk_win7_x86|ARM.Build.0 = Release|x64
		{F99166BB-FEF1-48A4-A273-BE2E391598E9}.objchk_win7_x86|ARM64.ActiveCfg = Release|x64
		{F99166BB-FEF1-48A4-A273-BE2E391598E9}.objchk_win7_x86|ARM64.Build.0 = Release|x64
		{F99166BB-FEF1-48A4-A273-BE2E391598E9}.objchk_win7_x86|x64.ActiveCfg = Release|x64
		{F99166BB-FEF1-48A4-A273-BE2E391598E9}.objchk_win7_x86|x64.Build.0 = Release|x64
		{F99166BB-FEF1-48A4-A273-BE2E391598E9}.objchk_win7_x86|x86.ActiveCfg = Release|Win32
		{F99166BB-FEF1-48A4-A273-BE2E391598E9}.objchk_win7_x86|x86.Build.0 = Release|Win32
		{F99166BB-FEF1-48A4-A273-BE2E391598E9}.objfre_win7_amd64|ARM.ActiveCfg = Release|x64
		{F99166BB-FEF1-48A4-A273-BE2E391598E9}.objfre_win7_amd64|ARM.Build.0 = Release|x64
		{F99166BB-FEF1-48A4-A273-BE2E391598E9}.objfre_win7_amd64|ARM64.ActiveCfg = Release|x64
		{F99166BB-FEF1-48A4-A273-BE2E391598E9}.objfre_win7_amd64|ARM64.Build.0 = Release|x64
		{F99166BB-FEF1-48A4-A273-BE2E391598E9}.objfre_win7_amd64|x64.ActiveCfg = Release|x64
		{F99166BB-FEF1-48A4-A273-BE2E391598E9}.objfre_win7_amd64|x64.Build.0 = Release|x64
		{F99166BB-FEF1-48A4-A273-BE2E391598E9}.objfre_win7_amd64|x86.ActiveCfg = Release|Win32
		{F99166BB-FEF1-48A4-A273-BE2E391598E9}.objfre_win7_amd64|x86.Build.0 = Release|Win32
		{F99166BB-FEF1-48A4-A273-BE2E391598E9}.objfre_win7_x86|ARM.ActiveCfg = Release|x64
		{F99166BB-FEF1-48A4-A273-BE2E391598E9}.objfre_win7_x86|ARM.Build.0 = Release|x64
		{F99166BB-FEF1-48A4-A273-BE2E391598E9}.objfre_win7_x86|ARM64.ActiveCfg = Release|x64
		{F99166BB-FEF1-48A4-A273-BE2E391598E9}.objfre_win7_x86|ARM64.Build.0 = Release|x64
		{F99166BB-FEF1-48A4-A273-BE2E391598E9}.objfre_win7_x86|x64.ActiveCfg = Release|x64
		{F99166BB-FEF1-48A4-A273-BE2E391598E9}.objfre_win7_x86|x64.Build.0 = Release|x64
		{F99166BB-FEF1-48A4-A273-BE2E391598E9}.objfre_win7_x86|x86.ActiveCfg = Release|Win32
		{F99166BB-FEF1-48A4-A273-BE2E391598E9}.objfre_win7_x86|x86.Build.0 = Release|Win32
		{F99166BB-FEF1-48A4-A273-BE2E391598E9}.Release|ARM.ActiveCfg = Release|Win32
		{F99166BB-FEF1-48A4-A273-BE2E391598E9}.Release|ARM64.ActiveCfg = Release|Win32
		{F99166BB-FEF1-48A4-A273-BE2E391598E9}.Release|x64.ActiveCfg = Release|x64
		{F99166BB-FEF1-48A4-A273-BE2E391598E9}.Release|x64.Build.0 = Release|x64
		{F99166BB-FEF1-48A4-A273-BE2E391598E9}.Release|x86.ActiveCfg = Release|Win32
		{F99166BB-FEF1-48A4-A273-BE2E391598E9}.Release|x86.Build.0 = Release|Win32
		{5CB7DA54-A16D-4C8D-A148-93D09BC52439}.Debug|ARM.ActiveCfg = Debug|Win32
		{5CB7DA54-A16D-4C8D-A148-93D09BC52439}.Debug|ARM64.ActiveCfg = Debug|Win32
		{5CB7DA54-A16D-4C8D-A148-93D09BC52439}.Debug|x64.ActiveCfg = Release|x64
		{5CB7DA54-A16D-4C8D-A148-93D09BC52439}.Debug|x64.Build.0 = Release|x64
		{5CB7DA54-A16D-4C8D-A148-93D09BC52439}.Debug|x86.ActiveCfg = Debug|Win32
		{5CB7DA54-A16D-4C8D-A148-93D09BC52439}.Debug|x86.Build.0 = Debug|Win32
		{5CB7DA54-A16D-4C8D-A148-93D09BC52439}.objchk_win7_amd64|ARM.ActiveCfg = Release|x64
		{5CB7DA54-A16D-4C8D-A148-93D09BC52439}.objchk_win7_amd64|ARM.Build.0 = Release|x64
		{5CB7DA54-A16D-4C8D-A148-93D09BC52439}.objchk_win7_amd64|ARM64.ActiveCfg = Release|x64
		{5CB7DA54-A16D-4C8D-A148-93D09BC52439}.objchk_win7_amd64|ARM64.Build.0 = Release|x64
		{5CB7DA54-A16D-4C8D-A148-93D09BC52439}.objchk_win7_amd64|x64.ActiveCfg = Release|x64
		{5CB7DA54-A16D-4C8D-A148-93D09BC52439}.objchk_win7_amd64|x64.Build.0 = Release|x64
		{5CB7DA54-A16D-4C8D-A148-93D09BC52439}.objchk_win7_amd64|x86.ActiveCfg = Release|Win32
		{5CB7DA54-A16D-4C8D-A148-93D09BC52439}.objchk_win7_amd64|x86.Build.0 = Release|Win32
		{5CB7DA54-A16D-4C8D-A148-93D09BC52439}.objchk_win7_x86|ARM.ActiveCfg = Release|x64
		{5CB7DA54-A16D-4C8D-A148-93D09BC52439}.objchk_win7_x86|ARM.Build.0 = Release|x64
		{5CB7DA54-A16D-4C8D-A148-93D09BC52439}.objchk_win7_x86|ARM64.ActiveCfg = Release|x64
		{5CB7DA54-A16D-4C8D-A148-93D09BC52439}.objchk_win7_x86|ARM64.Build.0 = Release|x64
		{5CB7DA54-A16D-4C8D-A148-93D09BC52439}.objchk_win7_x86|x64.ActiveCfg = Release|x64
		{5CB7DA54-A16D-4C8D-A148-93D09BC52439}.objchk_win7_x86|x64.Build.0 = Release|x64
		{5CB7DA54-A16D-4C8D-A148-93D09BC52439}.objchk_win7_x86|x86.ActiveCfg = Release|Win32
		{5CB7DA54-A16D-4C8D-A148-93D09BC52439}.objchk_win7_x86|x86.Build.0 = Release|Win32
		{5CB7DA54-A16D-4C8D-A148-93D09BC52439}.objfre_win7_amd64|ARM.ActiveCfg = Release|x64
		{5CB7DA54-A16D-4C8D-A148-93D09BC52439}.objfre_win7_amd64|ARM.Build.0 = Release|x64
		{5CB7DA54-A16D-4C8D-A148-93D09BC52439}.objfre_win7_amd64|ARM64.ActiveCfg = Release|x64
		{5CB7DA54-A16D-4C8D-A148-93D09BC52439}.objfre_win7_amd64|ARM64.Build.0 = Release|x64
		{5CB7DA54-A16D-4C8D-A148-93D09BC52439}.objfre_win7_amd64|x64.ActiveCfg = Release|x64
		{5CB7DA54-A16D-4C8D-A148-93D09BC52439}.objfre_win7_amd64|x64.Build.0 = Release|x64
		{5CB7DA54-A16D-4C8D-A148-93D09BC52439}.objfre_win7_amd64|x86.ActiveCfg = Release|Win32
		{5CB7DA54-A16D-4C8D-A148-93D09BC52439}.objfre_win7_amd64|x86.Build.0 = Release|Win32
		{5CB7DA54-A16D-4C8D-A148-93D09BC52439}.objfre_win7_x86|ARM.ActiveCfg = Release|x64
		{5CB7DA54-A16D-4C8D-A148-93D09BC52439}.objfre_win7_x86|ARM.Build.0 = Release|x64
		{5CB7DA54-A16D-4C8D-A148-93D09BC52439}.objfre_win7_x86|ARM64.ActiveCfg = Release|x64
		{5CB7DA54-A16D-4C8D-A148-93D09BC52439}.objfre_win7_x86|ARM64.Build.0 = Release|x64
		{5CB7DA54-A16D-4C8D-A148-93D09BC52439}.objfre_win7_x86|x64.ActiveCfg = Release|x64
		{5CB7DA54-A16D-4C8D-A148-93D09BC52439}.objfre_win7_x86|x64.Build.0 = Release|x64
		{5CB7DA54-A16D-4C8D-A148-93D09BC52439}.objfre_win7_x86|x86.ActiveCfg = Release|Win32
		{5CB7DA54-A16D-4C8D-A148-93D09BC52439}.objfre_win7_x86|x86.Build.0 = Release|Win32
		{5CB7DA54-A16D-4C8D-A148-93D09BC52439}.Release|ARM.ActiveCfg = Release|Win32
		{5CB7DA54-A16D-4C8D-A148-93D09BC52439}.Release|ARM64.ActiveCfg = Release|Win32
		{5CB7DA54-A16D-4C8D-A148-93D09BC52439}.Release|x64.ActiveCfg = Release|x64
		{5CB7DA54-A16D-4C8D-A148-93D09BC52439}.Release|x64.Build.0 = Release|x64
		{5CB7DA54-A16D-4C8D-A148-93D09BC52439}.Release|x86.ActiveCfg = Release|Win32
		{5CB7DA54-A16D-4C8D-A148-93D09BC52439}.Release|x86.Build.0 = Release|Win32
		{501AF104-E46C-42C4-8435-83C7B833372A}.Debug|ARM.ActiveCfg = Debug|Win32
		{501AF104-E46C-42C4-8435-83C7B833372A}.Debug|ARM64.ActiveCfg = Debug|Win32
		{501AF104-E46C-42C4-8435-83C7B833372A}.Debug|x64.ActiveCfg = Release|x64
		{501AF104-E46C-42C4-8435-83C7B833372A}.Debug|x64.Build.0 = Release|x64
		{501AF104-E46C-42C4-8435-83C7B833372A}.Debug|x86.ActiveCfg = Debug|Win32
		{501AF104-E46C-42C4-8435-83C7B833372A}.Debug|x86.Build.0 = Debug|Win32
		{501AF104-E46C-42C4-8435-83C7B833372A}.objchk_win7_amd64|ARM.ActiveCfg = Release|x64
		{501AF104-E46C-42C4-8435-83C7B833372A}.objchk_win7_amd64|ARM.Build.0 = Release|x64
		{501AF104-E46C-42C4-8435-83C7B833372A}.objchk_win7_amd64|ARM64.ActiveCfg = Release|x64
		{501AF104-E46C-42C4-8435-83C7B833372A}.objchk_win7_amd64|ARM64.Build.0 = Release|x64
		{501AF104-E46C-42C4-8435-83C7B833372A}.objchk_win7_amd64|x64.ActiveCfg = Release|x64
		{501AF104-E46C-42C4-8435-83C7B833372A}.objchk_win7_amd64|x64.Build.0 = Release|x64
		{501AF104-E46C-42C4-8435-83C7B833372A}.objchk_win7_amd64|x86.ActiveCfg = Release|Win32
		{501AF104-E46C-42C4-8435-83C7B833372A}.objchk_win7_amd64|x86.Build.0 = Release|Win32
		{501AF104-E46C-42C4-8435-83C7B833372A}.objchk_win7_x86|ARM.ActiveCfg = Release|x64
		{501AF104-E46C-42C4-8435-83C7B833372A}.objchk_win7_x86|ARM.Build.0 = Release|x64
		{501AF104-E46C-42C4-8435-83C7B833372A}.objchk_win7_x86|ARM64.ActiveCfg = Release|x64
		{501AF104-E46C-42C4-8435-83C7B833372A}.objchk_win7_x86|ARM64.Build.0 = Release|x64
		{501AF104-E46C-42C4-8435-83C7B833372A}.objchk_win7_x86|x64.ActiveCfg = Release|x64
		{501AF104-E46C-42C4-8435-83C7B833372A}.objchk_win7_x86|x64.Build.0 = Release|x64
		{501AF104-E46C-42C4-8435-83C7B833372A}.objchk_win7_x86|x86.ActiveCfg = Release|Win32
		{501AF104-E46C-42C4-8435-83C7B833372A}.objchk_win7_x86|x86.Build.0 = Release|Win32
		{501AF104-E46C-42C4-8435-83C7B833372A}.objfre_win7_amd64|ARM.ActiveCfg = Release|x64
		{501AF104-E46C-42C4-8435-83C7B833372A}.objfre_win7_amd64|ARM.Build.0 = Release|x64
		{501AF104-E46C-42C4-8435-83C7B833372A}.objfre_win7_amd64|ARM64.ActiveCfg = Release|x64
		{501AF104-E46C-42C4-8435-83C7B833372A}.objfre_win7_amd64|ARM64.Build.0 = Release|x64
		{501AF104-E46C-42C4-8435-83C7B833372A}.objfre_win7_amd64|x64.ActiveCfg = Release|x64
		{501AF104-E46C-42C4-8435-83C7B833372A}.objfre_win7_amd64|x64.Build.0 = Release|x64
		{501AF104-E46C-42C4-8435-83C7B833372A}.objfre_win7_amd64|x86.ActiveCfg = Release|Win32
		{501AF104-E46C-42C4-8435-83C7B833372A}.objfre_win7_amd64|x86.Build.0 = Release|Win32
		{501AF104-E46C-42C4-8435-83C7B833372A}.objfre_win7_x86|ARM.ActiveCfg = Release|x64
		{501AF104-E46C-42C4-8435-83C7B833372A}.objfre_win7_x86|ARM.Build.0 = Release|x64
		{501AF104-E46C-42C4-8435-83C7B833372A}.objfre_win7_x86|ARM64.ActiveCfg = Release|x64
		{501AF104-E46C-42C4-8435-83C7B833372A}.objfre_win7_x86|ARM64.Build.0 = Release|x64
		{501AF104-E46C-42C4-8435-83C7B833372A}.objfre_win7_x86|x64.ActiveCfg = Release|x64
		{501AF104-E46C-42C4-8435-83C7B833372A}.objfre_win7_x86|x64.Build.0 = Release|x64
		{501AF104-E46C-42C4-8435-83C7B833372A}.objfre_win7_x86|x86.ActiveCfg = Release|Win32
		{501AF104-E46C-42C4-8435-83C7B833372A}.objfre_win7_x86|x86.Build.0 = Release|Win32
		{501AF104-E46C-42C4-8435-83C7B833372A}.Release|ARM.ActiveCfg = Release|Win32
		{501AF104-E46C-42C4-8435-83C7B833372A}.Release|ARM64.ActiveCfg = Release|Win32
		{501AF104-E46C-42C4-8435-83C7B833372A}.Release|x64.ActiveCfg = Release|x64
		{501AF104-E46C-42C4-8435-83C7B833372A}.Release|x64.Build.0 = Release|x64
		{501AF104-E46C-42C4-8435-83C7B833372A}.Release|x86.ActiveCfg = Release|Win32
		{501AF104-E46C-42C4-8435-83C7B833372A}.Release|x86.Build.0 = Release|Win32
		{3C5DBE6F-6699-4E79-8C36-37046FA05DD2}.Debug|ARM.ActiveCfg = Debug|ARM
		{3C5DBE6F-6699-4E79-8C36-37046FA05DD2}.Debug|ARM.Build.0 = Debug|ARM
		{3C5DBE6F-6699-4E79-8C36-37046FA05DD2}.Debug|ARM.Deploy.0 = Debug|ARM
		{3C5DBE6F-6699-4E79-8C36-37046FA05DD2}.Debug|ARM64.ActiveCfg = Debug|ARM64
		{3C5DBE6F-6699-4E79-8C36-37046FA05DD2}.Debug|ARM64.Build.0 = Debug|ARM64
		{3C5DBE6F-6699-4E79-8C36-37046FA05DD2}.Debug|ARM64.Deploy.0 = Debug|ARM64
		{3C5DBE6F-6699-4E79-8C36-37046FA05DD2}.Debug|x64.ActiveCfg = Debug|x64
		{3C5DBE6F-6699-4E79-8C36-37046FA05DD2}.Debug|x64.Build.0 = Debug|x64
		{3C5DBE6F-6699-4E79-8C36-37046FA05DD2}.Debug|x64.Deploy.0 = Debug|x64
		{3C5DBE6F-6699-4E79-8C36-37046FA05DD2}.Debug|x86.ActiveCfg = Debug|Win32
		{3C5DBE6F-6699-4E79-8C36-37046FA05DD2}.Debug|x86.Build.0 = Debug|Win32
		{3C5DBE6F-6699-4E79-8C36-37046FA05DD2}.Debug|x86.Deploy.0 = Debug|Win32
		{3C5DBE6F-6699-4E79-8C36-37046FA05DD2}.objchk_win7_amd64|ARM.ActiveCfg = Release|ARM
		{3C5DBE6F-6699-4E79-8C36-37046FA05DD2}.objchk_win7_amd64|ARM.Build.0 = Release|ARM
		{3C5DBE6F-6699-4E79-8C36-37046FA05DD2}.objchk_win7_amd64|ARM.Deploy.0 = Release|ARM
		{3C5DBE6F-6699-4E79-8C36-37046FA05DD2}.objchk_win7_amd64|ARM64.ActiveCfg = Release|ARM64
		{3C5DBE6F-6699-4E79-8C36-37046FA05DD2}.objchk_win7_amd64|ARM64.Build.0 = Release|ARM64
		{3C5DBE6F-6699-4E79-8C36-37046FA05DD2}.objchk_win7_amd64|ARM64.Deploy.0 = Release|ARM64
		{3C5DBE6F-6699-4E79-8C36-37046FA05DD2}.objchk_win7_amd64|x64.ActiveCfg = Release|x64
		{3C5DBE6F-6699-4E79-8C36-37046FA05DD2}.objchk_win7_amd64|x64.Build.0 = Release|x64
		{3C5DBE6F-6699-4E79-8C36-37046FA05DD2}.objchk_win7_amd64|x64.Deploy.0 = Release|x64
		{3C5DBE6F-6699-4E79-8C36-37046FA05DD2}.objchk_win7_amd64|x86.ActiveCfg = Release|Win32
		{3C5DBE6F-6699-4E79-8C36-37046FA05DD2}.objchk_win7_amd64|x86.Build.0 = Release|Win32
		{3C5DBE6F-6699-4E79-8C36-37046FA05DD2}.objchk_win7_amd64|x86.Deploy.0 = Release|Win32
		{3C5DBE6F-6699-4E79-8C36-37046FA05DD2}.objchk_win7_x86|ARM.ActiveCfg = Release|ARM
		{3C5DBE6F-6699-4E79-8C36-37046FA05DD2}.objchk_win7_x86|ARM.Build.0 = Release|ARM
		{3C5DBE6F-6699-4E79-8C36-37046FA05DD2}.objchk_win7_x86|ARM.Deploy.0 = Release|ARM
		{3C5DBE6F-6699-4E79-8C36-37046FA05DD2}.objchk_win7_x86|ARM64.ActiveCfg = Release|ARM64
		{3C5DBE6F-6699-4E79-8C36-37046FA05DD2}.objchk_win7_x86|ARM64.Build.0 = Release|ARM64
		{3C5DBE6F-6699-4E79-8C36-37046FA05DD2}.objchk_win7_x86|ARM64.Deploy.0 = Release|ARM64
		{3C5DBE6F-6699-4E79-8C36-37046FA05DD2}.objchk_win7_x86|x64.ActiveCfg = Release|x64
		{3C5DBE6F-6699-4E79-8C36-37046FA05DD2}.objchk_win7_x86|x64.Build.0 = Release|x64
		{3C5DBE6F-6699-4E79-8C36-37046FA05DD2}.objchk_win7_x86|x64.Deploy.0 = Release|x64
		{3C5DBE6F-6699-4E79-8C36-37046FA05DD2}.objchk_win7_x86|x86.ActiveCfg = Release|Win32
		{3C5DBE6F-6699-4E79-8C36-37046FA05DD2}.objchk_win7_x86|x86.Build.0 = Release|Win32
		{3C5DBE6F-6699-4E79-8C36-37046FA05DD2}.objchk_win7_x86|x86.Deploy.0 = Release|Win32
		{3C5DBE6F-6699-4E79-8C36-37046FA05DD2}.objfre_win7_amd64|ARM.ActiveCfg = Release|ARM
		{3C5DBE6F-6699-4E79-8C36-37046FA05DD2}.objfre_win7_amd64|ARM.Build.0 = Release|ARM
		{3C5DBE6F-6699-4E79-8C36-37046FA05DD2}.objfre_win7_amd64|ARM.Deploy.0 = Release|ARM
		{3C5DBE6F-6699-4E79-8C36-37046FA05DD2}.objfre_win7_amd64|ARM64.ActiveCfg = Release|ARM64
		{3C5DBE6F-6699-4E79-8C36-37046FA05DD2}.objfre_win7_amd64|ARM64.Build.0 = Release|ARM64
		{3C5DBE6F-6699-4E79-8C36-37046FA05DD2}.objfre_win7_amd64|ARM64.Deploy.0 = Release|ARM64
		{3C5DBE6F-6699-4E79-8C36-37046FA05DD2}.objfre_win7_amd64|x64.ActiveCfg = Release|x64
		{3C5DBE6F-6699-4E79-8C36-37046FA05DD2}.objfre_win7_amd64|x64.Build.0 = Release|x64
		{3C5DBE6F-6699-4E79-8C36-37046FA05DD2}.objfre_win7_amd64|x64.Deploy.0 = Release|x64
		{3C5DBE6F-6699-4E79-8C36-37046FA05DD2}.objfre_win7_amd64|x86.ActiveCfg = Release|Win32
		{3C5DBE6F-6699-4E79-8C36-37046FA05DD2}.objfre_win7_amd64|x86.Build.0 = Release|Win32
		{3C5DBE6F-6699-4E79-8C36-37046FA05DD2}.objfre_win7_amd64|x86.Deploy.0 = Release|Win32
		{3C5DBE6F-6699-4E79-8C36-37046FA05DD2}.objfre_win7_x86|ARM.ActiveCfg = Release|ARM
		{3C5DBE6F-6699-4E79-8C36-37046FA05DD2}.objfre_win7_x86|ARM.Build.0 = Release|ARM
		{3C5DBE6F-6699-4E79-8C36-37046FA05DD2}.objfre_win7_x86|ARM.Deploy.0 = Release|ARM
		{3C5DBE6F-6699-4E79-8C36-37046FA05DD2}.objfre_win7_x86|ARM64.ActiveCfg = Release|ARM64
		{3C5DBE6F-6699-4E79-8C36-37046FA05DD2}.objfre_win7_x86|ARM64.Build.0 = Release|ARM64
		{3C5DBE6F-6699-4E79-8C36-37046FA05DD2}.objfre_win7_x86|ARM64.Deploy.0 = Release|ARM64
		{3C5DBE6F-6699-4E79-8C36-37046FA05DD2}.objfre_win7_x86|x64.ActiveCfg = Release|x64
		{3C5DBE6F-6699-4E79-8C36-37046FA05DD2}.objfre_win7_x86|x64.Build.0 = Release|x64
		{3C5DBE6F-6699-4E79-8C36-37046FA05DD2}.objfre_win7_x86|x64.Deploy.0 = Release|x64
		{3C5DBE6F-6699-4E79-8C36-37046FA05DD2}.objfre_win7_x86|x86.ActiveCfg = Release|Win32
		{3C5DBE6F-6699-4E79-8C36-37046FA05DD2}.objfre_win7_x86|x86.Build.0 = Release|Win32
		{3C5DBE6F-6699-4E79-8C36-37046FA05DD2}.objfre_win7_x86|x86.Deploy.0 = Release|Win32
		{3C5DBE6F-6699-4E79-8C36-37046FA05DD2}.Release|ARM.ActiveCfg = Release|ARM
		{3C5DBE6F-6699-4E79-8C36-37046FA05DD2}.Release|ARM.Build.0 = Release|ARM
		{3C5DBE6F-6699-4E79-8C36-37046FA05DD2}.Release|ARM.Deploy.0 = Release|ARM
		{3C5DBE6F-6699-4E79-8C36-37046FA05DD2}.Release|ARM64.ActiveCfg = Release|ARM64
		{3C5DBE6F-6699-4E79-8C36-37046FA05DD2}.Release|ARM64.Build.0 = Release|ARM64
		{3C5DBE6F-6699-4E79-8C36-37046FA05DD2}.Release|ARM64.Deploy.0 = Release|ARM64
		{3C5DBE6F-6699-4E79-8C36-37046FA05DD2}.Release|x64.ActiveCfg = Release|x64
		{3C5DBE6F-6699-4E79-8C36-37046FA05DD2}.Release|x64.Build.0 = Release|x64
		{3C5DBE6F-6699-4E79-8C36-37046FA05DD2}.Release|x64.Deploy.0 = Release|x64
		{3C5DBE6F-6699-4E79-8C36-37046FA05DD2}.Release|x86.ActiveCfg = Release|Win32
		{3C5DBE6F-6699-4E79-8C36-37046FA05DD2}.Release|x86.Build.0 = Release|Win32
		{3C5DBE6F-6699-4E79-8C36-37046FA05DD2}.Release|x86.Deploy.0 = Release|Win32
	EndGlobalSection
	GlobalSection(SolutionProperties) = preSolution
		HideSolutionNode = FALSE
	EndGlobalSection
	GlobalSection(NestedProjects) = preSolution
		{5233E37E-4D5C-4EC7-B0E1-4F9E1807BCC3} = {1502622A-86E7-4B9D-A0AF-67DF7A8D26F6}
		{F99166BB-FEF1-48A4-A273-BE2E391598E9} = {B9D9CEE7-088B-44B4-991B-A81C9E0DE24E}
		{5CB7DA54-A16D-4C8D-A148-93D09BC52439} = {97810896-005A-425F-AE56-976CA52CE512}
		{501AF104-E46C-42C4-8435-83C7B833372A} = {7D4B2EAE-F993-4297-BB13-C968696E8383}
		{3C5DBE6F-6699-4E79-8C36-37046FA05DD2} = {C9FC3EDD-5713-45E8-BA26-E5B32D64F3A6}
	EndGlobalSection
	GlobalSection(ExtensibilityGlobals) = postSolution
		SolutionGuid = {17140484-D637-4E06-833C-B10E430E4429}
	EndGlobalSection
EndGlobal
